
Microsoft Visual Studio Solution File, Format Version 12.00
# Visual Studio 15
VisualStudioVersion = 15.0.28307.1321
MinimumVisualStudioVersion = 10.0.40219.1
Project("{FAE04EC0-301F-11D3-BF4B-00C04F79EFBC}") = "GetWatchId", "GetWatchId\GetWatchId.csproj", "{7F5D1D25-D41B-4737-BD72-CAF1B6D0DB79}"
EndProject
Global
	GlobalSection(SolutionConfigurationPlatforms) = preSolution
		Debug|Any CPU = Debug|Any CPU
		Release|Any CPU = Release|Any CPU
	EndGlobalSection
	GlobalSection(ProjectConfigurationPlatforms) = postSolution
		{7F5D1D25-D41B-4737-BD72-CAF1B6D0DB79}.Debug|Any CPU.ActiveCfg = Debug|Any CPU
		{7F5D1D25-D41B-4737-BD72-CAF1B6D0DB79}.Debug|Any CPU.Build.0 = Debug|Any CPU
		{7F5D1D25-D41B-4737-BD72-CAF1B6D0DB79}.Release|Any CPU.ActiveCfg = Release|Any CPU
		{7F5D1D25-D41B-4737-BD72-CAF1B6D0DB79}.Release|Any CPU.Build.0 = Release|Any CPU
	EndGlobalSection
	GlobalSection(SolutionProperties) = preSolution
		HideSolutionNode = FALSE
	EndGlobalSection
	GlobalSection(ExtensibilityGlobals) = postSolution
		SolutionGuid = {8240FA44-0512-4FF4-BD59-7A7527F7861A}
	EndGlobalSection
EndGlobal
